
Microsoft Visual Studio Solution File, Format Version 12.00
# Visual Studio 15
VisualStudioVersion = 15.0.27004.2002
MinimumVisualStudioVersion = 10.0.40219.1
Project("{FAE04EC0-301F-11D3-BF4B-00C04F79EFBC}") = "App1.Android", "App1\App1.Android\App1.Android.csproj", "{7A023B8B-B136-4059-94E0-82FC36063EC2}"
EndProject
Project("{FAE04EC0-301F-11D3-BF4B-00C04F79EFBC}") = "App1", "App1\App1\App1.csproj", "{C8E06A81-AB4D-4EC8-824F-94179EF2A706}"
EndProject
Project("{FAE04EC0-301F-11D3-BF4B-00C04F79EFBC}") = "App1.iOS", "App1\App1.iOS\App1.iOS.csproj", "{1EE3C93B-1933-4469-A679-AA01B41A0376}"
EndProject
Project("{FAE04EC0-301F-11D3-BF4B-00C04F79EFBC}") = "Exercice1.Android", "Exercice1\Exercice1.Android\Exercice1.Android.csproj", "{2A81A6C1-9A8F-4687-8D48-668825ED922F}"
EndProject
Project("{FAE04EC0-301F-11D3-BF4B-00C04F79EFBC}") = "Exercice1", "Exercice1\Exercice1\Exercice1.csproj", "{08065800-5518-4DA2-9C86-A3C82888352C}"
EndProject
Project("{FAE04EC0-301F-11D3-BF4B-00C04F79EFBC}") = "Exercice1.iOS", "Exercice1\Exercice1.iOS\Exercice1.iOS.csproj", "{DB50B161-8BA9-4859-AEBC-184EC2B10559}"
EndProject
Global
	GlobalSection(SolutionConfigurationPlatforms) = preSolution
		Ad-Hoc|Any CPU = Ad-Hoc|Any CPU
		Ad-Hoc|iPhone = Ad-Hoc|iPhone
		Ad-Hoc|iPhoneSimulator = Ad-Hoc|iPhoneSimulator
		AppStore|Any CPU = AppStore|Any CPU
		AppStore|iPhone = AppStore|iPhone
		AppStore|iPhoneSimulator = AppStore|iPhoneSimulator
		Debug|Any CPU = Debug|Any CPU
		Debug|iPhone = Debug|iPhone
		Debug|iPhoneSimulator = Debug|iPhoneSimulator
		Release|Any CPU = Release|Any CPU
		Release|iPhone = Release|iPhone
		Release|iPhoneSimulator = Release|iPhoneSimulator
	EndGlobalSection
	GlobalSection(ProjectConfigurationPlatforms) = postSolution
		{7A023B8B-B136-4059-94E0-82FC36063EC2}.Ad-Hoc|Any CPU.ActiveCfg = Release|Any CPU
		{7A023B8B-B136-4059-94E0-82FC36063EC2}.Ad-Hoc|Any CPU.Build.0 = Release|Any CPU
		{7A023B8B-B136-4059-94E0-82FC36063EC2}.Ad-Hoc|Any CPU.Deploy.0 = Release|Any CPU
		{7A023B8B-B136-4059-94E0-82FC36063EC2}.Ad-Hoc|iPhone.ActiveCfg = Release|Any CPU
		{7A023B8B-B136-4059-94E0-82FC36063EC2}.Ad-Hoc|iPhone.Build.0 = Release|Any CPU
		{7A023B8B-B136-4059-94E0-82FC36063EC2}.Ad-Hoc|iPhone.Deploy.0 = Release|Any CPU
		{7A023B8B-B136-4059-94E0-82FC36063EC2}.Ad-Hoc|iPhoneSimulator.ActiveCfg = Release|Any CPU
		{7A023B8B-B136-4059-94E0-82FC36063EC2}.Ad-Hoc|iPhoneSimulator.Build.0 = Release|Any CPU
		{7A023B8B-B136-4059-94E0-82FC36063EC2}.Ad-Hoc|iPhoneSimulator.Deploy.0 = Release|Any CPU
		{7A023B8B-B136-4059-94E0-82FC36063EC2}.AppStore|Any CPU.ActiveCfg = Release|Any CPU
		{7A023B8B-B136-4059-94E0-82FC36063EC2}.AppStore|Any CPU.Build.0 = Release|Any CPU
		{7A023B8B-B136-4059-94E0-82FC36063EC2}.AppStore|Any CPU.Deploy.0 = Release|Any CPU
		{7A023B8B-B136-4059-94E0-82FC36063EC2}.AppStore|iPhone.ActiveCfg = Release|Any CPU
		{7A023B8B-B136-4059-94E0-82FC36063EC2}.AppStore|iPhone.Build.0 = Release|Any CPU
		{7A023B8B-B136-4059-94E0-82FC36063EC2}.AppStore|iPhone.Deploy.0 = Release|Any CPU
		{7A023B8B-B136-4059-94E0-82FC36063EC2}.AppStore|iPhoneSimulator.ActiveCfg = Release|Any CPU
		{7A023B8B-B136-4059-94E0-82FC36063EC2}.AppStore|iPhoneSimulator.Build.0 = Release|Any CPU
		{7A023B8B-B136-4059-94E0-82FC36063EC2}.AppStore|iPhoneSimulator.Deploy.0 = Release|Any CPU
		{7A023B8B-B136-4059-94E0-82FC36063EC2}.Debug|Any CPU.ActiveCfg = Debug|Any CPU
		{7A023B8B-B136-4059-94E0-82FC36063EC2}.Debug|Any CPU.Build.0 = Debug|Any CPU
		{7A023B8B-B136-4059-94E0-82FC36063EC2}.Debug|Any CPU.Deploy.0 = Debug|Any CPU
		{7A023B8B-B136-4059-94E0-82FC36063EC2}.Debug|iPhone.ActiveCfg = Debug|Any CPU
		{7A023B8B-B136-4059-94E0-82FC36063EC2}.Debug|iPhone.Build.0 = Debug|Any CPU
		{7A023B8B-B136-4059-94E0-82FC36063EC2}.Debug|iPhone.Deploy.0 = Debug|Any CPU
		{7A023B8B-B136-4059-94E0-82FC36063EC2}.Debug|iPhoneSimulator.ActiveCfg = Debug|Any CPU
		{7A023B8B-B136-4059-94E0-82FC36063EC2}.Debug|iPhoneSimulator.Build.0 = Debug|Any CPU
		{7A023B8B-B136-4059-94E0-82FC36063EC2}.Debug|iPhoneSimulator.Deploy.0 = Debug|Any CPU
		{7A023B8B-B136-4059-94E0-82FC36063EC2}.Release|Any CPU.ActiveCfg = Release|Any CPU
		{7A023B8B-B136-4059-94E0-82FC36063EC2}.Release|Any CPU.Build.0 = Release|Any CPU
		{7A023B8B-B136-4059-94E0-82FC36063EC2}.Release|Any CPU.Deploy.0 = Release|Any CPU
		{7A023B8B-B136-4059-94E0-82FC36063EC2}.Release|iPhone.ActiveCfg = Release|Any CPU
		{7A023B8B-B136-4059-94E0-82FC36063EC2}.Release|iPhone.Build.0 = Release|Any CPU
		{7A023B8B-B136-4059-94E0-82FC36063EC2}.Release|iPhone.Deploy.0 = Release|Any CPU
		{7A023B8B-B136-4059-94E0-82FC36063EC2}.Release|iPhoneSimulator.ActiveCfg = Release|Any CPU
		{7A023B8B-B136-4059-94E0-82FC36063EC2}.Release|iPhoneSimulator.Build.0 = Release|Any CPU
		{7A023B8B-B136-4059-94E0-82FC36063EC2}.Release|iPhoneSimulator.Deploy.0 = Release|Any CPU
		{C8E06A81-AB4D-4EC8-824F-94179EF2A706}.Ad-Hoc|Any CPU.ActiveCfg = Release|Any CPU
		{C8E06A81-AB4D-4EC8-824F-94179EF2A706}.Ad-Hoc|Any CPU.Build.0 = Release|Any CPU
		{C8E06A81-AB4D-4EC8-824F-94179EF2A706}.Ad-Hoc|iPhone.ActiveCfg = Release|Any CPU
		{C8E06A81-AB4D-4EC8-824F-94179EF2A706}.Ad-Hoc|iPhone.Build.0 = Release|Any CPU
		{C8E06A81-AB4D-4EC8-824F-94179EF2A706}.Ad-Hoc|iPhoneSimulator.ActiveCfg = Release|Any CPU
		{C8E06A81-AB4D-4EC8-824F-94179EF2A706}.Ad-Hoc|iPhoneSimulator.Build.0 = Release|Any CPU
		{C8E06A81-AB4D-4EC8-824F-94179EF2A706}.AppStore|Any CPU.ActiveCfg = Release|Any CPU
		{C8E06A81-AB4D-4EC8-824F-94179EF2A706}.AppStore|Any CPU.Build.0 = Release|Any CPU
		{C8E06A81-AB4D-4EC8-824F-94179EF2A706}.AppStore|iPhone.ActiveCfg = Release|Any CPU
		{C8E06A81-AB4D-4EC8-824F-94179EF2A706}.AppStore|iPhone.Build.0 = Release|Any CPU
		{C8E06A81-AB4D-4EC8-824F-94179EF2A706}.AppStore|iPhoneSimulator.ActiveCfg = Release|Any CPU
		{C8E06A81-AB4D-4EC8-824F-94179EF2A706}.AppStore|iPhoneSimulator.Build.0 = Release|Any CPU
		{C8E06A81-AB4D-4EC8-824F-94179EF2A706}.Debug|Any CPU.ActiveCfg = Debug|Any CPU
		{C8E06A81-AB4D-4EC8-824F-94179EF2A706}.Debug|Any CPU.Build.0 = Debug|Any CPU
		{C8E06A81-AB4D-4EC8-824F-94179EF2A706}.Debug|iPhone.ActiveCfg = Debug|Any CPU
		{C8E06A81-AB4D-4EC8-824F-94179EF2A706}.Debug|iPhone.Build.0 = Debug|Any CPU
		{C8E06A81-AB4D-4EC8-824F-94179EF2A706}.Debug|iPhoneSimulator.ActiveCfg = Debug|Any CPU
		{C8E06A81-AB4D-4EC8-824F-94179EF2A706}.Debug|iPhoneSimulator.Build.0 = Debug|Any CPU
		{C8E06A81-AB4D-4EC8-824F-94179EF2A706}.Release|Any CPU.ActiveCfg = Release|Any CPU
		{C8E06A81-AB4D-4EC8-824F-94179EF2A706}.Release|Any CPU.Build.0 = Release|Any CPU
		{C8E06A81-AB4D-4EC8-824F-94179EF2A706}.Release|iPhone.ActiveCfg = Release|Any CPU
		{C8E06A81-AB4D-4EC8-824F-94179EF2A706}.Release|iPhone.Build.0 = Release|Any CPU
		{C8E06A81-AB4D-4EC8-824F-94179EF2A706}.Release|iPhoneSimulator.ActiveCfg = Release|Any CPU
		{C8E06A81-AB4D-4EC8-824F-94179EF2A706}.Release|iPhoneSimulator.Build.0 = Release|Any CPU
		{1EE3C93B-1933-4469-A679-AA01B41A0376}.Ad-Hoc|Any CPU.ActiveCfg = Ad-Hoc|iPhoneSimulator
		{1EE3C93B-1933-4469-A679-AA01B41A0376}.Ad-Hoc|iPhone.ActiveCfg = Ad-Hoc|iPhone
		{1EE3C93B-1933-4469-A679-AA01B41A0376}.Ad-Hoc|iPhone.Build.0 = Ad-Hoc|iPhone
		{1EE3C93B-1933-4469-A679-AA01B41A0376}.Ad-Hoc|iPhoneSimulator.ActiveCfg = Ad-Hoc|iPhoneSimulator
		{1EE3C93B-1933-4469-A679-AA01B41A0376}.Ad-Hoc|iPhoneSimulator.Build.0 = Ad-Hoc|iPhoneSimulator
		{1EE3C93B-1933-4469-A679-AA01B41A0376}.AppStore|Any CPU.ActiveCfg = AppStore|iPhoneSimulator
		{1EE3C93B-1933-4469-A679-AA01B41A0376}.AppStore|iPhone.ActiveCfg = AppStore|iPhone
		{1EE3C93B-1933-4469-A679-AA01B41A0376}.AppStore|iPhone.Build.0 = AppStore|iPhone
		{1EE3C93B-1933-4469-A679-AA01B41A0376}.AppStore|iPhoneSimulator.ActiveCfg = AppStore|iPhoneSimulator
		{1EE3C93B-1933-4469-A679-AA01B41A0376}.AppStore|iPhoneSimulator.Build.0 = AppStore|iPhoneSimulator
		{1EE3C93B-1933-4469-A679-AA01B41A0376}.Debug|Any CPU.ActiveCfg = Debug|iPhoneSimulator
		{1EE3C93B-1933-4469-A679-AA01B41A0376}.Debug|iPhone.ActiveCfg = Debug|iPhone
		{1EE3C93B-1933-4469-A679-AA01B41A0376}.Debug|iPhone.Build.0 = Debug|iPhone
		{1EE3C93B-1933-4469-A679-AA01B41A0376}.Debug|iPhoneSimulator.ActiveCfg = Debug|iPhoneSimulator
		{1EE3C93B-1933-4469-A679-AA01B41A0376}.Debug|iPhoneSimulator.Build.0 = Debug|iPhoneSimulator
		{1EE3C93B-1933-4469-A679-AA01B41A0376}.Release|Any CPU.ActiveCfg = Release|iPhoneSimulator
		{1EE3C93B-1933-4469-A679-AA01B41A0376}.Release|iPhone.ActiveCfg = Release|iPhone
		{1EE3C93B-1933-4469-A679-AA01B41A0376}.Release|iPhone.Build.0 = Release|iPhone
		{1EE3C93B-1933-4469-A679-AA01B41A0376}.Release|iPhoneSimulator.ActiveCfg = Release|iPhoneSimulator
		{1EE3C93B-1933-4469-A679-AA01B41A0376}.Release|iPhoneSimulator.Build.0 = Release|iPhoneSimulator
		{2A81A6C1-9A8F-4687-8D48-668825ED922F}.Ad-Hoc|Any CPU.ActiveCfg = Release|Any CPU
		{2A81A6C1-9A8F-4687-8D48-668825ED922F}.Ad-Hoc|Any CPU.Build.0 = Release|Any CPU
		{2A81A6C1-9A8F-4687-8D48-668825ED922F}.Ad-Hoc|Any CPU.Deploy.0 = Release|Any CPU
		{2A81A6C1-9A8F-4687-8D48-668825ED922F}.Ad-Hoc|iPhone.ActiveCfg = Release|Any CPU
		{2A81A6C1-9A8F-4687-8D48-668825ED922F}.Ad-Hoc|iPhone.Build.0 = Release|Any CPU
		{2A81A6C1-9A8F-4687-8D48-668825ED922F}.Ad-Hoc|iPhone.Deploy.0 = Release|Any CPU
		{2A81A6C1-9A8F-4687-8D48-668825ED922F}.Ad-Hoc|iPhoneSimulator.ActiveCfg = Release|Any CPU
		{2A81A6C1-9A8F-4687-8D48-668825ED922F}.Ad-Hoc|iPhoneSimulator.Build.0 = Release|Any CPU
		{2A81A6C1-9A8F-4687-8D48-668825ED922F}.Ad-Hoc|iPhoneSimulator.Deploy.0 = Release|Any CPU
		{2A81A6C1-9A8F-4687-8D48-668825ED922F}.AppStore|Any CPU.ActiveCfg = Release|Any CPU
		{2A81A6C1-9A8F-4687-8D48-668825ED922F}.AppStore|Any CPU.Build.0 = Release|Any CPU
		{2A81A6C1-9A8F-4687-8D48-668825ED922F}.AppStore|Any CPU.Deploy.0 = Release|Any CPU
		{2A81A6C1-9A8F-4687-8D48-668825ED922F}.AppStore|iPhone.ActiveCfg = Release|Any CPU
		{2A81A6C1-9A8F-4687-8D48-668825ED922F}.AppStore|iPhone.Build.0 = Release|Any CPU
		{2A81A6C1-9A8F-4687-8D48-668825ED922F}.AppStore|iPhone.Deploy.0 = Release|Any CPU
		{2A81A6C1-9A8F-4687-8D48-668825ED922F}.AppStore|iPhoneSimulator.ActiveCfg = Release|Any CPU
		{2A81A6C1-9A8F-4687-8D48-668825ED922F}.AppStore|iPhoneSimulator.Build.0 = Release|Any CPU
		{2A81A6C1-9A8F-4687-8D48-668825ED922F}.AppStore|iPhoneSimulator.Deploy.0 = Release|Any CPU
		{2A81A6C1-9A8F-4687-8D48-668825ED922F}.Debug|Any CPU.ActiveCfg = Debug|Any CPU
		{2A81A6C1-9A8F-4687-8D48-668825ED922F}.Debug|Any CPU.Build.0 = Debug|Any CPU
		{2A81A6C1-9A8F-4687-8D48-668825ED922F}.Debug|Any CPU.Deploy.0 = Debug|Any CPU
		{2A81A6C1-9A8F-4687-8D48-668825ED922F}.Debug|iPhone.ActiveCfg = Debug|Any CPU
		{2A81A6C1-9A8F-4687-8D48-668825ED922F}.Debug|iPhone.Build.0 = Debug|Any CPU
		{2A81A6C1-9A8F-4687-8D48-668825ED922F}.Debug|iPhone.Deploy.0 = Debug|Any CPU
		{2A81A6C1-9A8F-4687-8D48-668825ED922F}.Debug|iPhoneSimulator.ActiveCfg = Debug|Any CPU
		{2A81A6C1-9A8F-4687-8D48-668825ED922F}.Debug|iPhoneSimulator.Build.0 = Debug|Any CPU
		{2A81A6C1-9A8F-4687-8D48-668825ED922F}.Debug|iPhoneSimulator.Deploy.0 = Debug|Any CPU
		{2A81A6C1-9A8F-4687-8D48-668825ED922F}.Release|Any CPU.ActiveCfg = Release|Any CPU
		{2A81A6C1-9A8F-4687-8D48-668825ED922F}.Release|Any CPU.Build.0 = Release|Any CPU
		{2A81A6C1-9A8F-4687-8D48-668825ED922F}.Release|Any CPU.Deploy.0 = Release|Any CPU
		{2A81A6C1-9A8F-4687-8D48-668825ED922F}.Release|iPhone.ActiveCfg = Release|Any CPU
		{2A81A6C1-9A8F-4687-8D48-668825ED922F}.Release|iPhone.Build.0 = Release|Any CPU
		{2A81A6C1-9A8F-4687-8D48-668825ED922F}.Release|iPhone.Deploy.0 = Release|Any CPU
		{2A81A6C1-9A8F-4687-8D48-668825ED922F}.Release|iPhoneSimulator.ActiveCfg = Release|Any CPU
		{2A81A6C1-9A8F-4687-8D48-668825ED922F}.Release|iPhoneSimulator.Build.0 = Release|Any CPU
		{2A81A6C1-9A8F-4687-8D48-668825ED922F}.Release|iPhoneSimulator.Deploy.0 = Release|Any CPU
		{08065800-5518-4DA2-9C86-A3C82888352C}.Ad-Hoc|Any CPU.ActiveCfg = Release|Any CPU
		{08065800-5518-4DA2-9C86-A3C82888352C}.Ad-Hoc|Any CPU.Build.0 = Release|Any CPU
		{08065800-5518-4DA2-9C86-A3C82888352C}.Ad-Hoc|iPhone.ActiveCfg = Release|Any CPU
		{08065800-5518-4DA2-9C86-A3C82888352C}.Ad-Hoc|iPhone.Build.0 = Release|Any CPU
		{08065800-5518-4DA2-9C86-A3C82888352C}.Ad-Hoc|iPhoneSimulator.ActiveCfg = Release|Any CPU
		{08065800-5518-4DA2-9C86-A3C82888352C}.Ad-Hoc|iPhoneSimulator.Build.0 = Release|Any CPU
		{08065800-5518-4DA2-9C86-A3C82888352C}.AppStore|Any CPU.ActiveCfg = Release|Any CPU
		{08065800-5518-4DA2-9C86-A3C82888352C}.AppStore|Any CPU.Build.0 = Release|Any CPU
		{08065800-5518-4DA2-9C86-A3C82888352C}.AppStore|iPhone.ActiveCfg = Release|Any CPU
		{08065800-5518-4DA2-9C86-A3C82888352C}.AppStore|iPhone.Build.0 = Release|Any CPU
		{08065800-5518-4DA2-9C86-A3C82888352C}.AppStore|iPhoneSimulator.ActiveCfg = Release|Any CPU
		{08065800-5518-4DA2-9C86-A3C82888352C}.AppStore|iPhoneSimulator.Build.0 = Release|Any CPU
		{08065800-5518-4DA2-9C86-A3C82888352C}.Debug|Any CPU.ActiveCfg = Debug|Any CPU
		{08065800-5518-4DA2-9C86-A3C82888352C}.Debug|Any CPU.Build.0 = Debug|Any CPU
		{08065800-5518-4DA2-9C86-A3C82888352C}.Debug|iPhone.ActiveCfg = Debug|Any CPU
		{08065800-5518-4DA2-9C86-A3C82888352C}.Debug|iPhone.Build.0 = Debug|Any CPU
		{08065800-5518-4DA2-9C86-A3C82888352C}.Debug|iPhoneSimulator.ActiveCfg = Debug|Any CPU
		{08065800-5518-4DA2-9C86-A3C82888352C}.Debug|iPhoneSimulator.Build.0 = Debug|Any CPU
		{08065800-5518-4DA2-9C86-A3C82888352C}.Release|Any CPU.ActiveCfg = Release|Any CPU
		{08065800-5518-4DA2-9C86-A3C82888352C}.Release|Any CPU.Build.0 = Release|Any CPU
		{08065800-5518-4DA2-9C86-A3C82888352C}.Release|iPhone.ActiveCfg = Release|Any CPU
		{08065800-5518-4DA2-9C86-A3C82888352C}.Release|iPhone.Build.0 = Release|Any CPU
		{08065800-5518-4DA2-9C86-A3C82888352C}.Release|iPhoneSimulator.ActiveCfg = Release|Any CPU
		{08065800-5518-4DA2-9C86-A3C82888352C}.Release|iPhoneSimulator.Build.0 = Release|Any CPU
		{DB50B161-8BA9-4859-AEBC-184EC2B10559}.Ad-Hoc|Any CPU.ActiveCfg = Ad-Hoc|iPhoneSimulator
		{DB50B161-8BA9-4859-AEBC-184EC2B10559}.Ad-Hoc|iPhone.ActiveCfg = Ad-Hoc|iPhone
		{DB50B161-8BA9-4859-AEBC-184EC2B10559}.Ad-Hoc|iPhone.Build.0 = Ad-Hoc|iPhone
		{DB50B161-8BA9-4859-AEBC-184EC2B10559}.Ad-Hoc|iPhoneSimulator.ActiveCfg = Ad-Hoc|iPhoneSimulator
		{DB50B161-8BA9-4859-AEBC-184EC2B10559}.Ad-Hoc|iPhoneSimulator.Build.0 = Ad-Hoc|iPhoneSimulator
		{DB50B161-8BA9-4859-AEBC-184EC2B10559}.AppStore|Any CPU.ActiveCfg = AppStore|iPhoneSimulator
		{DB50B161-8BA9-4859-AEBC-184EC2B10559}.AppStore|iPhone.ActiveCfg = AppStore|iPhone
		{DB50B161-8BA9-4859-AEBC-184EC2B10559}.AppStore|iPhone.Build.0 = AppStore|iPhone
		{DB50B161-8BA9-4859-AEBC-184EC2B10559}.AppStore|iPhoneSimulator.ActiveCfg = AppStore|iPhoneSimulator
		{DB50B161-8BA9-4859-AEBC-184EC2B10559}.AppStore|iPhoneSimulator.Build.0 = AppStore|iPhoneSimulator
		{DB50B161-8BA9-4859-AEBC-184EC2B10559}.Debug|Any CPU.ActiveCfg = Debug|iPhoneSimulator
		{DB50B161-8BA9-4859-AEBC-184EC2B10559}.Debug|iPhone.ActiveCfg = Debug|iPhone
		{DB50B161-8BA9-4859-AEBC-184EC2B10559}.Debug|iPhone.Build.0 = Debug|iPhone
		{DB50B161-8BA9-4859-AEBC-184EC2B10559}.Debug|iPhoneSimulator.ActiveCfg = Debug|iPhoneSimulator
		{DB50B161-8BA9-4859-AEBC-184EC2B10559}.Debug|iPhoneSimulator.Build.0 = Debug|iPhoneSimulator
		{DB50B161-8BA9-4859-AEBC-184EC2B10559}.Release|Any CPU.ActiveCfg = Release|iPhoneSimulator
		{DB50B161-8BA9-4859-AEBC-184EC2B10559}.Release|iPhone.ActiveCfg = Release|iPhone
		{DB50B161-8BA9-4859-AEBC-184EC2B10559}.Release|iPhone.Build.0 = Release|iPhone
		{DB50B161-8BA9-4859-AEBC-184EC2B10559}.Release|iPhoneSimulator.ActiveCfg = Release|iPhoneSimulator
		{DB50B161-8BA9-4859-AEBC-184EC2B10559}.Release|iPhoneSimulator.Build.0 = Release|iPhoneSimulator
	EndGlobalSection
	GlobalSection(SolutionProperties) = preSolution
		HideSolutionNode = FALSE
	EndGlobalSection
	GlobalSection(ExtensibilityGlobals) = postSolution
		SolutionGuid = {BADD5854-BFFC-4798-B349-73E741029F37}
	EndGlobalSection
EndGlobal
